
Microsoft Visual Studio Solution File, Format Version 12.00
# Visual Studio 15
VisualStudioVersion = 15.0.28010.2026
MinimumVisualStudioVersion = 10.0.40219.1
Project("{FAE04EC0-301F-11D3-BF4B-00C04F79EFBC}") = "function_testing", "function_testing\function_testing.csproj", "{F262AE2A-AD3F-4BC4-9CCA-963D84FCB0DA}"
EndProject
Global
	GlobalSection(SolutionConfigurationPlatforms) = preSolution
		Debug|Any CPU = Debug|Any CPU
		Release|Any CPU = Release|Any CPU
	EndGlobalSection
	GlobalSection(ProjectConfigurationPlatforms) = postSolution
		{F262AE2A-AD3F-4BC4-9CCA-963D84FCB0DA}.Debug|Any CPU.ActiveCfg = Debug|Any CPU
		{F262AE2A-AD3F-4BC4-9CCA-963D84FCB0DA}.Debug|Any CPU.Build.0 = Debug|Any CPU
		{F262AE2A-AD3F-4BC4-9CCA-963D84FCB0DA}.Release|Any CPU.ActiveCfg = Release|Any CPU
		{F262AE2A-AD3F-4BC4-9CCA-963D84FCB0DA}.Release|Any CPU.Build.0 = Release|Any CPU
	EndGlobalSection
	GlobalSection(SolutionProperties) = preSolution
		HideSolutionNode = FALSE
	EndGlobalSection
	GlobalSection(ExtensibilityGlobals) = postSolution
		SolutionGuid = {E735E3D1-233D-45A4-BCB3-955E2ED93233}
	EndGlobalSection
EndGlobal
